
Microsoft Visual Studio Solution File, Format Version 12.00
# Visual Studio Version 17
VisualStudioVersion = 17.7.34202.233
MinimumVisualStudioVersion = 10.0.40219.1
Project("{FAE04EC0-301F-11D3-BF4B-00C04F79EFBC}") = "EmployeeManagement", "EmployeeManagement.csproj", "{21FB99CC-D4C1-4BE4-A960-F5534DF50FF5}"
EndProject
Global
	GlobalSection(SolutionConfigurationPlatforms) = preSolution
		Debug|Any CPU = Debug|Any CPU
		Release|Any CPU = Release|Any CPU
	EndGlobalSection
	GlobalSection(ProjectConfigurationPlatforms) = postSolution
		{21FB99CC-D4C1-4BE4-A960-F5534DF50FF5}.Debug|Any CPU.ActiveCfg = Debug|Any CPU
		{21FB99CC-D4C1-4BE4-A960-F5534DF50FF5}.Debug|Any CPU.Build.0 = Debug|Any CPU
		{21FB99CC-D4C1-4BE4-A960-F5534DF50FF5}.Release|Any CPU.ActiveCfg = Release|Any CPU
		{21FB99CC-D4C1-4BE4-A960-F5534DF50FF5}.Release|Any CPU.Build.0 = Release|Any CPU
	EndGlobalSection
	GlobalSection(SolutionProperties) = preSolution
		HideSolutionNode = FALSE
	EndGlobalSection
	GlobalSection(ExtensibilityGlobals) = postSolution
		SolutionGuid = {A4032D54-97C1-4D7C-BAB3-E50204C735E1}
	EndGlobalSection
EndGlobal
